[ "httpotion": {:git, "git://github.com/myfreeweb/httpotion.git", "bc4f83ed0e433db3e1f7dbfb6377210990a35635", []},
  "ibrowse": {:git, "git://github.com/cmullaparthi/ibrowse.git", "208277b69fa9cc1b68f37d1261a77abe6487a677", []},
  "jazz": {:git, "git://github.com/meh/jazz.git", "0b8852c1347a52e8d50b48c7e241a3da66181537", []} ]
